
Microsoft Visual Studio Solution File, Format Version 12.00
# Visual Studio Version 17
VisualStudioVersion = 17.10.34916.146
MinimumVisualStudioVersion = 10.0.40219.1
Project("{FAE04EC0-301F-11D3-BF4B-00C04F79EFBC}") = "Assignment GUI Fractional calculator", "Assignment GUI Fractional calculator.csproj", "{A416C614-C1E6-4F0D-9CCB-91C197664E62}"
EndProject
Global
	GlobalSection(SolutionConfigurationPlatforms) = preSolution
		Debug|Any CPU = Debug|Any CPU
		Release|Any CPU = Release|Any CPU
	EndGlobalSection
	GlobalSection(ProjectConfigurationPlatforms) = postSolution
		{A416C614-C1E6-4F0D-9CCB-91C197664E62}.Debug|Any CPU.ActiveCfg = Debug|Any CPU
		{A416C614-C1E6-4F0D-9CCB-91C197664E62}.Debug|Any CPU.Build.0 = Debug|Any CPU
		{A416C614-C1E6-4F0D-9CCB-91C197664E62}.Release|Any CPU.ActiveCfg = Release|Any CPU
		{A416C614-C1E6-4F0D-9CCB-91C197664E62}.Release|Any CPU.Build.0 = Release|Any CPU
	EndGlobalSection
	GlobalSection(SolutionProperties) = preSolution
		HideSolutionNode = FALSE
	EndGlobalSection
	GlobalSection(ExtensibilityGlobals) = postSolution
		SolutionGuid = {0D0CAAEC-1A0F-453F-B41F-C1B6ED890344}
	EndGlobalSection
EndGlobal
